
Microsoft Visual Studio Solution File, Format Version 12.00
# Visual Studio Version 17
VisualStudioVersion = 17.1.32421.90
MinimumVisualStudioVersion = 10.0.40219.1
Project("{2150E333-8FDC-42A3-9474-1A3956D46DE8}") = "Core", "Core", "{6E7539CC-7433-4A2D-9ADD-DEC63DDDDFEE}"
EndProject
Project("{FAE04EC0-301F-11D3-BF4B-00C04F79EFBC}") = "ETicaretAPI.Domain", "Core\ETicaretAPI.Domain\ETicaretAPI.Domain.csproj", "{8E28C9C2-163F-4E33-8EFD-F24A1DAE4F88}"
EndProject
Project("{FAE04EC0-301F-11D3-BF4B-00C04F79EFBC}") = "ETicaretAPI.Application", "Core\ETicaretAPI.Application\ETicaretAPI.Application.csproj", "{4825A55F-8F77-4673-8D44-EB9E3CA6ED41}"
EndProject
Project("{2150E333-8FDC-42A3-9474-1A3956D46DE8}") = "Infrastructure", "Infrastructure", "{0F130965-DB7B-4DD9-9C64-836B6A727CAF}"
EndProject
Project("{FAE04EC0-301F-11D3-BF4B-00C04F79EFBC}") = "ETicaretAPI.Infrastructure", "Infrastructure\ETicaretAPI.Infrastructure\ETicaretAPI.Infrastructure.csproj", "{01C03559-1C19-4863-BC1B-34E0BC1584F0}"
EndProject
Project("{FAE04EC0-301F-11D3-BF4B-00C04F79EFBC}") = "ETicaretAPI.Persistence", "Infrastructure\ETicaretAPI.Persistence\ETicaretAPI.Persistence.csproj", "{787B0360-3B08-44AE-9DC6-770F820363B0}"
EndProject
Project("{2150E333-8FDC-42A3-9474-1A3956D46DE8}") = "Presentation", "Presentation", "{084CD71E-744A-4F26-96D1-124C6F4906E6}"
EndProject
Project("{FAE04EC0-301F-11D3-BF4B-00C04F79EFBC}") = "ETicaretAPI.API", "Presentation\ETicaretAPI.API\ETicaretAPI.API.csproj", "{8D27E863-6BD2-4EE7-9CCA-F505F89D7B8F}"
EndProject
Global
	GlobalSection(SolutionConfigurationPlatforms) = preSolution
		Debug|Any CPU = Debug|Any CPU
		Release|Any CPU = Release|Any CPU
	EndGlobalSection
	GlobalSection(ProjectConfigurationPlatforms) = postSolution
		{8E28C9C2-163F-4E33-8EFD-F24A1DAE4F88}.Debug|Any CPU.ActiveCfg = Debug|Any CPU
		{8E28C9C2-163F-4E33-8EFD-F24A1DAE4F88}.Debug|Any CPU.Build.0 = Debug|Any CPU
		{8E28C9C2-163F-4E33-8EFD-F24A1DAE4F88}.Release|Any CPU.ActiveCfg = Release|Any CPU
		{8E28C9C2-163F-4E33-8EFD-F24A1DAE4F88}.Release|Any CPU.Build.0 = Release|Any CPU
		{4825A55F-8F77-4673-8D44-EB9E3CA6ED41}.Debug|Any CPU.ActiveCfg = Debug|Any CPU
		{4825A55F-8F77-4673-8D44-EB9E3CA6ED41}.Debug|Any CPU.Build.0 = Debug|Any CPU
		{4825A55F-8F77-4673-8D44-EB9E3CA6ED41}.Release|Any CPU.ActiveCfg = Release|Any CPU
		{4825A55F-8F77-4673-8D44-EB9E3CA6ED41}.Release|Any CPU.Build.0 = Release|Any CPU
		{01C03559-1C19-4863-BC1B-34E0BC1584F0}.Debug|Any CPU.ActiveCfg = Debug|Any CPU
		{01C03559-1C19-4863-BC1B-34E0BC1584F0}.Debug|Any CPU.Build.0 = Debug|Any CPU
		{01C03559-1C19-4863-BC1B-34E0BC1584F0}.Release|Any CPU.ActiveCfg = Release|Any CPU
		{01C03559-1C19-4863-BC1B-34E0BC1584F0}.Release|Any CPU.Build.0 = Release|Any CPU
		{787B0360-3B08-44AE-9DC6-770F820363B0}.Debug|Any CPU.ActiveCfg = Debug|Any CPU
		{787B0360-3B08-44AE-9DC6-770F820363B0}.Debug|Any CPU.Build.0 = Debug|Any CPU
		{787B0360-3B08-44AE-9DC6-770F820363B0}.Release|Any CPU.ActiveCfg = Release|Any CPU
		{787B0360-3B08-44AE-9DC6-770F820363B0}.Release|Any CPU.Build.0 = Release|Any CPU
		{8D27E863-6BD2-4EE7-9CCA-F505F89D7B8F}.Debug|Any CPU.ActiveCfg = Debug|Any CPU
		{8D27E863-6BD2-4EE7-9CCA-F505F89D7B8F}.Debug|Any CPU.Build.0 = Debug|Any CPU
		{8D27E863-6BD2-4EE7-9CCA-F505F89D7B8F}.Release|Any CPU.ActiveCfg = Release|Any CPU
		{8D27E863-6BD2-4EE7-9CCA-F505F89D7B8F}.Release|Any CPU.Build.0 = Release|Any CPU
	EndGlobalSection
	GlobalSection(SolutionProperties) = preSolution
		HideSolutionNode = FALSE
	EndGlobalSection
	GlobalSection(NestedProjects) = preSolution
		{8E28C9C2-163F-4E33-8EFD-F24A1DAE4F88} = {6E7539CC-7433-4A2D-9ADD-DEC63DDDDFEE}
		{4825A55F-8F77-4673-8D44-EB9E3CA6ED41} = {6E7539CC-7433-4A2D-9ADD-DEC63DDDDFEE}
		{01C03559-1C19-4863-BC1B-34E0BC1584F0} = {0F130965-DB7B-4DD9-9C64-836B6A727CAF}
		{787B0360-3B08-44AE-9DC6-770F820363B0} = {0F130965-DB7B-4DD9-9C64-836B6A727CAF}
		{8D27E863-6BD2-4EE7-9CCA-F505F89D7B8F} = {084CD71E-744A-4F26-96D1-124C6F4906E6}
	EndGlobalSection
	GlobalSection(ExtensibilityGlobals) = postSolution
		SolutionGuid = {11ACF515-97EA-4B50-B337-99F17CB279DB}
	EndGlobalSection
EndGlobal
